
Microsoft Visual Studio Solution File, Format Version 12.00
# Visual Studio Version 17
VisualStudioVersion = 17.1.31911.260
MinimumVisualStudioVersion = 10.0.40219.1
Project("{8BC9CEB8-8B4A-11D0-8D11-00A0C91BC942}") = "LearningDirectx12", "LearningDirectx12\LearningDirectx12.vcxproj", "{194F1F6E-9A75-4A64-A060-411ED4254919}"
EndProject
Global
	GlobalSection(SolutionConfigurationPlatforms) = preSolution
		Debug|x64 = Debug|x64
		Debug|x86 = Debug|x86
		Release|x64 = Release|x64
		Release|x86 = Release|x86
	EndGlobalSection
	GlobalSection(ProjectConfigurationPlatforms) = postSolution
		{194F1F6E-9A75-4A64-A060-411ED4254919}.Debug|x64.ActiveCfg = Debug|x64
		{194F1F6E-9A75-4A64-A060-411ED4254919}.Debug|x64.Build.0 = Debug|x64
		{194F1F6E-9A75-4A64-A060-411ED4254919}.Debug|x86.ActiveCfg = Debug|Win32
		{194F1F6E-9A75-4A64-A060-411ED4254919}.Debug|x86.Build.0 = Debug|Win32
		{194F1F6E-9A75-4A64-A060-411ED4254919}.Release|x64.ActiveCfg = Release|x64
		{194F1F6E-9A75-4A64-A060-411ED4254919}.Release|x64.Build.0 = Release|x64
		{194F1F6E-9A75-4A64-A060-411ED4254919}.Release|x86.ActiveCfg = Release|Win32
		{194F1F6E-9A75-4A64-A060-411ED4254919}.Release|x86.Build.0 = Release|Win32
	EndGlobalSection
	GlobalSection(SolutionProperties) = preSolution
		HideSolutionNode = FALSE
	EndGlobalSection
	GlobalSection(ExtensibilityGlobals) = postSolution
		SolutionGuid = {6DEEC18F-BF3F-403E-B5BE-406E6A497C13}
	EndGlobalSection
EndGlobal
